
Microsoft Visual Studio Solution File, Format Version 12.00
# Visual Studio Version 17
VisualStudioVersion = 17.7.34024.191
MinimumVisualStudioVersion = 10.0.40219.1
Project("{9A19103F-16F7-4668-BE54-9A1E7A4F7556}") = "ContactManagement.Core", "ContactManagement.Core\ContactManagement.Core.csproj", "{AF62BC64-38C4-440B-9227-5E80642EBE6A}"
EndProject
Project("{9A19103F-16F7-4668-BE54-9A1E7A4F7556}") = "ContactManagement.Infrastructure", "ContactManagement.Infrastructure\ContactManagement.Infrastructure.csproj", "{54196B86-2209-4C73-89CB-B0B615A2F115}"
EndProject
Project("{2150E333-8FDC-42A3-9474-1A3956D46DE8}") = "src", "src", "{29E9D413-BB38-4B2D-8BE5-4981B2298665}"
EndProject
Project("{2150E333-8FDC-42A3-9474-1A3956D46DE8}") = "tests", "tests", "{51784971-5BDF-4D2B-96E3-6AC8FF88AA83}"
EndProject
Project("{9A19103F-16F7-4668-BE54-9A1E7A4F7556}") = "ContactManagement.Api", "ContactManagement.Api\ContactManagement.Api.csproj", "{39140752-1114-4E5B-A613-47F258C9D7B4}"
EndProject
Project("{9A19103F-16F7-4668-BE54-9A1E7A4F7556}") = "ContactManagement.BlazorShared", "ContactManagement.BlazorShared\ContactManagement.BlazorShared.csproj", "{BAC98364-8DFF-45D8-8CFD-EEF851061378}"
EndProject
Global
	GlobalSection(SolutionConfigurationPlatforms) = preSolution
		Debug|Any CPU = Debug|Any CPU
		Release|Any CPU = Release|Any CPU
	EndGlobalSection
	GlobalSection(ProjectConfigurationPlatforms) = postSolution
		{AF62BC64-38C4-440B-9227-5E80642EBE6A}.Debug|Any CPU.ActiveCfg = Debug|Any CPU
		{AF62BC64-38C4-440B-9227-5E80642EBE6A}.Debug|Any CPU.Build.0 = Debug|Any CPU
		{AF62BC64-38C4-440B-9227-5E80642EBE6A}.Release|Any CPU.ActiveCfg = Release|Any CPU
		{AF62BC64-38C4-440B-9227-5E80642EBE6A}.Release|Any CPU.Build.0 = Release|Any CPU
		{54196B86-2209-4C73-89CB-B0B615A2F115}.Debug|Any CPU.ActiveCfg = Debug|Any CPU
		{54196B86-2209-4C73-89CB-B0B615A2F115}.Debug|Any CPU.Build.0 = Debug|Any CPU
		{54196B86-2209-4C73-89CB-B0B615A2F115}.Release|Any CPU.ActiveCfg = Release|Any CPU
		{54196B86-2209-4C73-89CB-B0B615A2F115}.Release|Any CPU.Build.0 = Release|Any CPU
		{39140752-1114-4E5B-A613-47F258C9D7B4}.Debug|Any CPU.ActiveCfg = Debug|Any CPU
		{39140752-1114-4E5B-A613-47F258C9D7B4}.Debug|Any CPU.Build.0 = Debug|Any CPU
		{39140752-1114-4E5B-A613-47F258C9D7B4}.Release|Any CPU.ActiveCfg = Release|Any CPU
		{39140752-1114-4E5B-A613-47F258C9D7B4}.Release|Any CPU.Build.0 = Release|Any CPU
		{BAC98364-8DFF-45D8-8CFD-EEF851061378}.Debug|Any CPU.ActiveCfg = Debug|Any CPU
		{BAC98364-8DFF-45D8-8CFD-EEF851061378}.Debug|Any CPU.Build.0 = Debug|Any CPU
		{BAC98364-8DFF-45D8-8CFD-EEF851061378}.Release|Any CPU.ActiveCfg = Release|Any CPU
		{BAC98364-8DFF-45D8-8CFD-EEF851061378}.Release|Any CPU.Build.0 = Release|Any CPU
	EndGlobalSection
	GlobalSection(SolutionProperties) = preSolution
		HideSolutionNode = FALSE
	EndGlobalSection
	GlobalSection(NestedProjects) = preSolution
		{AF62BC64-38C4-440B-9227-5E80642EBE6A} = {29E9D413-BB38-4B2D-8BE5-4981B2298665}
		{54196B86-2209-4C73-89CB-B0B615A2F115} = {29E9D413-BB38-4B2D-8BE5-4981B2298665}
		{39140752-1114-4E5B-A613-47F258C9D7B4} = {29E9D413-BB38-4B2D-8BE5-4981B2298665}
		{BAC98364-8DFF-45D8-8CFD-EEF851061378} = {29E9D413-BB38-4B2D-8BE5-4981B2298665}
	EndGlobalSection
	GlobalSection(ExtensibilityGlobals) = postSolution
		SolutionGuid = {A532FE34-5059-492D-BB3D-F11ED64B0C4E}
	EndGlobalSection
EndGlobal
